
Microsoft Visual Studio Solution File, Format Version 12.00
# Visual Studio Version 16
VisualStudioVersion = 16.0.31424.327
MinimumVisualStudioVersion = 10.0.40219.1
Project("{FAE04EC0-301F-11D3-BF4B-00C04F79EFBC}") = "simpleGradientDescent", "simpleGradientDescent\simpleGradientDescent.csproj", "{330B1948-496F-4397-8D26-9FFC3A46A58F}"
EndProject
Global
	GlobalSection(SolutionConfigurationPlatforms) = preSolution
		Debug|Any CPU = Debug|Any CPU
		Release|Any CPU = Release|Any CPU
	EndGlobalSection
	GlobalSection(ProjectConfigurationPlatforms) = postSolution
		{330B1948-496F-4397-8D26-9FFC3A46A58F}.Debug|Any CPU.ActiveCfg = Debug|Any CPU
		{330B1948-496F-4397-8D26-9FFC3A46A58F}.Debug|Any CPU.Build.0 = Debug|Any CPU
		{330B1948-496F-4397-8D26-9FFC3A46A58F}.Release|Any CPU.ActiveCfg = Release|Any CPU
		{330B1948-496F-4397-8D26-9FFC3A46A58F}.Release|Any CPU.Build.0 = Release|Any CPU
	EndGlobalSection
	GlobalSection(SolutionProperties) = preSolution
		HideSolutionNode = FALSE
	EndGlobalSection
	GlobalSection(ExtensibilityGlobals) = postSolution
		SolutionGuid = {F4E04EB4-5776-4B13-A32A-6D63E050348C}
	EndGlobalSection
EndGlobal
